
Microsoft Visual Studio Solution File, Format Version 12.00
# Visual Studio Version 16
VisualStudioVersion = 16.0.28803.452
MinimumVisualStudioVersion = 10.0.40219.1
Project("{9A19103F-16F7-4668-BE54-9A1E7A4F7556}") = "Serializer.Interfaces", "Serializer.Interfaces\Serializer.Interfaces.csproj", "{C6E56268-9045-4DBB-B83A-F14C009A5944}"
EndProject
Project("{9A19103F-16F7-4668-BE54-9A1E7A4F7556}") = "Serializer.Core", "Serializer.Core\Serializer.Core.csproj", "{AA0FCDF8-5BFA-4EB5-8590-B153F6EE0FEC}"
EndProject
Project("{FAE04EC0-301F-11D3-BF4B-00C04F79EFBC}") = "Serializer.Tests", "UnitTestProject1\Serializer.Tests.csproj", "{C929D40C-3295-4D56-922B-0CEEE34DADA6}"
EndProject
Project("{9A19103F-16F7-4668-BE54-9A1E7A4F7556}") = "Das.Serializer", "Das.Serializer\Das.Serializer.csproj", "{A9D2EF65-4059-4C0A-B513-D49AC3D66CF2}"
EndProject
Project("{D954291E-2A0B-460D-934E-DC6B0785DB48}") = "Interfaces.Shared", "Interfaces.Shared\Interfaces.Shared.shproj", "{AEB86A21-7287-4A27-B467-1A0D1C66FA9F}"
EndProject
Project("{D954291E-2A0B-460D-934E-DC6B0785DB48}") = "Core.Shared", "Core.Shared\Core.Shared.shproj", "{C6D160C0-8E1F-4387-8194-3F722E633A6B}"
EndProject
Project("{D954291E-2A0B-460D-934E-DC6B0785DB48}") = "Serializer.Shared", "Serializer.Shared\Serializer.Shared.shproj", "{228FD1E5-7105-4531-804E-D0B97A2B58CB}"
EndProject
Project("{FAE04EC0-301F-11D3-BF4B-00C04F79EFBC}") = "Serializer.Benchmarks", "Serializer.Benchmarks\Serializer.Benchmarks.csproj", "{3DCBE685-4644-4F16-9F39-B7A2A320B487}"
EndProject
Global
	GlobalSection(SharedMSBuildProjectFiles) = preSolution
		Serializer.Shared\Serializer.Shared.projitems*{228fd1e5-7105-4531-804e-d0b97a2b58cb}*SharedItemsImports = 13
		Serializer.Shared\Serializer.Shared.projitems*{a9d2ef65-4059-4c0a-b513-d49ac3d66cf2}*SharedItemsImports = 4
		Interfaces.Shared\Interfaces.Shared.projitems*{aeb86a21-7287-4a27-b467-1a0d1c66fa9f}*SharedItemsImports = 13
		Core.Shared\Core.Shared.projitems*{c6d160c0-8e1f-4387-8194-3f722e633a6b}*SharedItemsImports = 13
		Core.Shared\Core.Shared.projitems*{c929d40c-3295-4d56-922b-0ceee34dada6}*SharedItemsImports = 4
		Interfaces.Shared\Interfaces.Shared.projitems*{c929d40c-3295-4d56-922b-0ceee34dada6}*SharedItemsImports = 4
		Serializer.Shared\Serializer.Shared.projitems*{c929d40c-3295-4d56-922b-0ceee34dada6}*SharedItemsImports = 4
	EndGlobalSection
	GlobalSection(SolutionConfigurationPlatforms) = preSolution
		Debug|Any CPU = Debug|Any CPU
		Release|Any CPU = Release|Any CPU
		TEST|Any CPU = TEST|Any CPU
	EndGlobalSection
	GlobalSection(ProjectConfigurationPlatforms) = postSolution
		{C6E56268-9045-4DBB-B83A-F14C009A5944}.Debug|Any CPU.ActiveCfg = Debug|Any CPU
		{C6E56268-9045-4DBB-B83A-F14C009A5944}.Debug|Any CPU.Build.0 = Debug|Any CPU
		{C6E56268-9045-4DBB-B83A-F14C009A5944}.Release|Any CPU.ActiveCfg = Release|Any CPU
		{C6E56268-9045-4DBB-B83A-F14C009A5944}.Release|Any CPU.Build.0 = Release|Any CPU
		{C6E56268-9045-4DBB-B83A-F14C009A5944}.TEST|Any CPU.ActiveCfg = TEST|Any CPU
		{C6E56268-9045-4DBB-B83A-F14C009A5944}.TEST|Any CPU.Build.0 = TEST|Any CPU
		{AA0FCDF8-5BFA-4EB5-8590-B153F6EE0FEC}.Debug|Any CPU.ActiveCfg = Debug|Any CPU
		{AA0FCDF8-5BFA-4EB5-8590-B153F6EE0FEC}.Debug|Any CPU.Build.0 = Debug|Any CPU
		{AA0FCDF8-5BFA-4EB5-8590-B153F6EE0FEC}.Release|Any CPU.ActiveCfg = Release|Any CPU
		{AA0FCDF8-5BFA-4EB5-8590-B153F6EE0FEC}.Release|Any CPU.Build.0 = Release|Any CPU
		{AA0FCDF8-5BFA-4EB5-8590-B153F6EE0FEC}.TEST|Any CPU.ActiveCfg = TEST|Any CPU
		{AA0FCDF8-5BFA-4EB5-8590-B153F6EE0FEC}.TEST|Any CPU.Build.0 = TEST|Any CPU
		{C929D40C-3295-4D56-922B-0CEEE34DADA6}.Debug|Any CPU.ActiveCfg = Debug|Any CPU
		{C929D40C-3295-4D56-922B-0CEEE34DADA6}.Debug|Any CPU.Build.0 = Debug|Any CPU
		{C929D40C-3295-4D56-922B-0CEEE34DADA6}.Release|Any CPU.ActiveCfg = Release|Any CPU
		{C929D40C-3295-4D56-922B-0CEEE34DADA6}.Release|Any CPU.Build.0 = Release|Any CPU
		{C929D40C-3295-4D56-922B-0CEEE34DADA6}.TEST|Any CPU.ActiveCfg = TEST|Any CPU
		{C929D40C-3295-4D56-922B-0CEEE34DADA6}.TEST|Any CPU.Build.0 = TEST|Any CPU
		{A9D2EF65-4059-4C0A-B513-D49AC3D66CF2}.Debug|Any CPU.ActiveCfg = Debug|Any CPU
		{A9D2EF65-4059-4C0A-B513-D49AC3D66CF2}.Debug|Any CPU.Build.0 = Debug|Any CPU
		{A9D2EF65-4059-4C0A-B513-D49AC3D66CF2}.Release|Any CPU.ActiveCfg = Release|Any CPU
		{A9D2EF65-4059-4C0A-B513-D49AC3D66CF2}.Release|Any CPU.Build.0 = Release|Any CPU
		{A9D2EF65-4059-4C0A-B513-D49AC3D66CF2}.TEST|Any CPU.ActiveCfg = Release|Any CPU
		{A9D2EF65-4059-4C0A-B513-D49AC3D66CF2}.TEST|Any CPU.Build.0 = Release|Any CPU
		{3DCBE685-4644-4F16-9F39-B7A2A320B487}.Debug|Any CPU.ActiveCfg = Debug|Any CPU
		{3DCBE685-4644-4F16-9F39-B7A2A320B487}.Debug|Any CPU.Build.0 = Debug|Any CPU
		{3DCBE685-4644-4F16-9F39-B7A2A320B487}.Release|Any CPU.ActiveCfg = Release|Any CPU
		{3DCBE685-4644-4F16-9F39-B7A2A320B487}.Release|Any CPU.Build.0 = Release|Any CPU
		{3DCBE685-4644-4F16-9F39-B7A2A320B487}.TEST|Any CPU.ActiveCfg = Release|Any CPU
		{3DCBE685-4644-4F16-9F39-B7A2A320B487}.TEST|Any CPU.Build.0 = Release|Any CPU
	EndGlobalSection
	GlobalSection(SolutionProperties) = preSolution
		HideSolutionNode = FALSE
	EndGlobalSection
	GlobalSection(ExtensibilityGlobals) = postSolution
		SolutionGuid = {28EAF669-F146-49A1-A5D7-48DDE54D9FC5}
	EndGlobalSection
EndGlobal
